
Microsoft Visual Studio Solution File, Format Version 12.00
# Visual Studio Version 17
VisualStudioVersion = 17.8.34511.84
MinimumVisualStudioVersion = 10.0.40219.1
Project("{FAE04EC0-301F-11D3-BF4B-00C04F79EFBC}") = "ConsoleAppHomework1902ex2", "ConsoleAppHomework1902ex2.csproj", "{66AF357C-57D1-49FD-A9E7-1E0B1A1B63FC}"
EndProject
Global
	GlobalSection(SolutionConfigurationPlatforms) = preSolution
		Debug|Any CPU = Debug|Any CPU
		Release|Any CPU = Release|Any CPU
	EndGlobalSection
	GlobalSection(ProjectConfigurationPlatforms) = postSolution
		{66AF357C-57D1-49FD-A9E7-1E0B1A1B63FC}.Debug|Any CPU.ActiveCfg = Debug|Any CPU
		{66AF357C-57D1-49FD-A9E7-1E0B1A1B63FC}.Debug|Any CPU.Build.0 = Debug|Any CPU
		{66AF357C-57D1-49FD-A9E7-1E0B1A1B63FC}.Release|Any CPU.ActiveCfg = Release|Any CPU
		{66AF357C-57D1-49FD-A9E7-1E0B1A1B63FC}.Release|Any CPU.Build.0 = Release|Any CPU
	EndGlobalSection
	GlobalSection(SolutionProperties) = preSolution
		HideSolutionNode = FALSE
	EndGlobalSection
	GlobalSection(ExtensibilityGlobals) = postSolution
		SolutionGuid = {BBC321C7-C588-425A-B0AB-6CE16781F9E6}
	EndGlobalSection
EndGlobal
